
Microsoft Visual Studio Solution File, Format Version 12.00
# Visual Studio Version 17
VisualStudioVersion = 17.7.34024.191
MinimumVisualStudioVersion = 10.0.40219.1
Project("{FAE04EC0-301F-11D3-BF4B-00C04F79EFBC}") = "Math1", "Math_func_graf\Math1.csproj", "{AA14E5CD-AA4B-4C64-907B-803A2D814004}"
EndProject
Global
	GlobalSection(SolutionConfigurationPlatforms) = preSolution
		Debug|Any CPU = Debug|Any CPU
		Release|Any CPU = Release|Any CPU
	EndGlobalSection
	GlobalSection(ProjectConfigurationPlatforms) = postSolution
		{AA14E5CD-AA4B-4C64-907B-803A2D814004}.Debug|Any CPU.ActiveCfg = Debug|Any CPU
		{AA14E5CD-AA4B-4C64-907B-803A2D814004}.Debug|Any CPU.Build.0 = Debug|Any CPU
		{AA14E5CD-AA4B-4C64-907B-803A2D814004}.Release|Any CPU.ActiveCfg = Release|Any CPU
		{AA14E5CD-AA4B-4C64-907B-803A2D814004}.Release|Any CPU.Build.0 = Release|Any CPU
	EndGlobalSection
	GlobalSection(SolutionProperties) = preSolution
		HideSolutionNode = FALSE
	EndGlobalSection
	GlobalSection(ExtensibilityGlobals) = postSolution
		SolutionGuid = {B734C637-4B5E-4768-A17D-21E4D170C31B}
	EndGlobalSection
EndGlobal
